
Microsoft Visual Studio Solution File, Format Version 12.00
# Visual Studio Version 17
VisualStudioVersion = 17.14.36327.8 d17.14
MinimumVisualStudioVersion = 10.0.40219.1
Project("{FAE04EC0-301F-11D3-BF4B-00C04F79EFBC}") = "AgDangerScanner", "AgDangerScanner.csproj", "{2A67B202-D560-44A1-A30C-BBED4EC381EE}"
EndProject
Global
	GlobalSection(SolutionConfigurationPlatforms) = preSolution
		Debug|Any CPU = Debug|Any CPU
		Release|Any CPU = Release|Any CPU
	EndGlobalSection
	GlobalSection(ProjectConfigurationPlatforms) = postSolution
		{2A67B202-D560-44A1-A30C-BBED4EC381EE}.Debug|Any CPU.ActiveCfg = Debug|Any CPU
		{2A67B202-D560-44A1-A30C-BBED4EC381EE}.Debug|Any CPU.Build.0 = Debug|Any CPU
		{2A67B202-D560-44A1-A30C-BBED4EC381EE}.Release|Any CPU.ActiveCfg = Release|Any CPU
		{2A67B202-D560-44A1-A30C-BBED4EC381EE}.Release|Any CPU.Build.0 = Release|Any CPU
	EndGlobalSection
	GlobalSection(SolutionProperties) = preSolution
		HideSolutionNode = FALSE
	EndGlobalSection
	GlobalSection(ExtensibilityGlobals) = postSolution
		SolutionGuid = {45FE53B8-3170-4F18-9D70-E1C47499B53B}
	EndGlobalSection
EndGlobal
